
Microsoft Visual Studio Solution File, Format Version 12.00
# Visual Studio Version 17
VisualStudioVersion = 17.6.33829.357
MinimumVisualStudioVersion = 10.0.40219.1
Project("{FAE04EC0-301F-11D3-BF4B-00C04F79EFBC}") = "DovizKur", "DovizKur\DovizKur.csproj", "{DC60A0BF-B26E-486F-B640-164AD82E13E2}"
EndProject
Global
	GlobalSection(SolutionConfigurationPlatforms) = preSolution
		Debug|Any CPU = Debug|Any CPU
		Release|Any CPU = Release|Any CPU
	EndGlobalSection
	GlobalSection(ProjectConfigurationPlatforms) = postSolution
		{DC60A0BF-B26E-486F-B640-164AD82E13E2}.Debug|Any CPU.ActiveCfg = Debug|Any CPU
		{DC60A0BF-B26E-486F-B640-164AD82E13E2}.Debug|Any CPU.Build.0 = Debug|Any CPU
		{DC60A0BF-B26E-486F-B640-164AD82E13E2}.Release|Any CPU.ActiveCfg = Release|Any CPU
		{DC60A0BF-B26E-486F-B640-164AD82E13E2}.Release|Any CPU.Build.0 = Release|Any CPU
	EndGlobalSection
	GlobalSection(SolutionProperties) = preSolution
		HideSolutionNode = FALSE
	EndGlobalSection
	GlobalSection(ExtensibilityGlobals) = postSolution
		SolutionGuid = {A8C792A0-A904-4B59-8915-644A79C8684D}
	EndGlobalSection
EndGlobal
